Microsoft Visual Studio Solution File, Format Version 11.00
# Visual Studio 2008

Project("{C92352AA-CC0F-59F0-33C0-EBEEFB83430F}") = "DeathFace", "Assembly-CSharp-firstpass-vs.csproj", "{4D7778A5-98FD-1139-1FF9-FFA88B45EBA1}"
EndProject
Project("{C92352AA-CC0F-59F0-33C0-EBEEFB83430F}") = "DeathFace", "Assembly-CSharp-Editor-vs.csproj", "{A63BDEB9-D98C-D19B-2677-F840AAFEC281}"
EndProject
Global
	GlobalSection(SolutionConfigurationPlatforms) = preSolution
		Debug|Any CPU = Debug|Any CPU
		Release|Any CPU = Release|Any CPU
	EndGlobalSection
	GlobalSection(ProjectConfigurationPlatforms) = postSolution
		{4D7778A5-98FD-1139-1FF9-FFA88B45EBA1}.Debug|Any CPU.ActiveCfg = Debug|Any CPU
		{4D7778A5-98FD-1139-1FF9-FFA88B45EBA1}.Debug|Any CPU.Build.0 = Debug|Any CPU
		{4D7778A5-98FD-1139-1FF9-FFA88B45EBA1}.Release|Any CPU.ActiveCfg = Release|Any CPU
		{4D7778A5-98FD-1139-1FF9-FFA88B45EBA1}.Release|Any CPU.Build.0 = Release|Any CPU
		{A63BDEB9-D98C-D19B-2677-F840AAFEC281}.Debug|Any CPU.ActiveCfg = Debug|Any CPU
		{A63BDEB9-D98C-D19B-2677-F840AAFEC281}.Debug|Any CPU.Build.0 = Debug|Any CPU
		{A63BDEB9-D98C-D19B-2677-F840AAFEC281}.Release|Any CPU.ActiveCfg = Release|Any CPU
		{A63BDEB9-D98C-D19B-2677-F840AAFEC281}.Release|Any CPU.Build.0 = Release|Any CPU
	EndGlobalSection
	GlobalSection(SolutionProperties) = preSolution
		HideSolutionNode = FALSE
	EndGlobalSection
					GlobalSection(MonoDevelopProperties) = preSolution
		StartupItem = Assembly-CSharp.csproj
		Policies = $0
		$0.TextStylePolicy = $1
		$1.inheritsSet = null
		$1.scope = text/x-csharp
		$0.CSharpFormattingPolicy = $2
		$2.inheritsSet = Mono
		$2.inheritsScope = text/x-csharp
		$2.scope = text/x-csharp
		$0.TextStylePolicy = $3
		$3.FileWidth = 120
		$3.TabWidth = 4
		$3.IndentWidth = 4
		$3.EolMarker = Unix
		$3.inheritsSet = Mono
		$3.inheritsScope = text/plain
		$3.scope = text/plain
	EndGlobalSection

EndGlobal
